<?xml version="1.0" encoding="utf-8"?>
<Project ToolsVersion="4.0" xmlns="http://schemas.microsoft.com/developer/msbuild/2003">
  <ItemGroup>
    <Filter Include="Source Files">
      <UniqueIdentifier>{4FC737F1-C7A5-4376-A066-2A32D752A2FF}</UniqueIdentifier>
      <Extensions>cpp;c;cc;cxx;def;odl;idl;hpj;bat;asm;asmx</Extensions>
    </Filter>
    <Filter Include="Header Files">
      <UniqueIdentifier>{93995380-89BD-4b04-88EB-625FBE52EBFB}</UniqueIdentifier>
      <Extensions>h;hh;hpp;hxx;hm;inl;inc;ipp;xsd</Extensions>
    </Filter>
    <Filter Include="Resource Files">
      <UniqueIdentifier>{67DA6AB6-F800-4c08-8B7A-83BB121AAD01}</UniqueIdentifier>
      <Extensions>rc;ico;cur;bmp;dlg;rc2;rct;bin;rgs;gif;jpg;jpeg;jpe;resx;tiff;tif;png;wav;mfcribbon-ms</Extensions>
    </Filter>
    <Filter Include="Header Files\SQLite">
      <UniqueIdentifier>{2c5087d5-73cc-4ff1-9d60-9b1c9ee14f33}</UniqueIdentifier>
    </Filter>
    <Filter Include="Source Files\SQLite">
      <UniqueIdentifier>{5e96e682-a2cc-43e5-af98-56ca55f0899a}</UniqueIdentifier>
    </Filter>
    <Filter Include="Resource Files\NDB Scrapes">
      <UniqueIdentifier>{ac54e794-eee9-4ef6-be95-d3a7c1c284e4}</UniqueIdentifier>
    </Filter>
    <Filter Include="Source Files\ANR">
      <UniqueIdentifier>{d48332fb-1d31-41d6-aca2-bf09ffe92ba5}</UniqueIdentifier>
    </Filter>
    <Filter Include="Header Files\ANR">
      <UniqueIdentifier>{4263a2c4-e7fc-4a6d-a100-09854665eb5c}</UniqueIdentifier>
    </Filter>
    <Filter Include="Header Files\ANR\Temp">
      <UniqueIdentifier>{a87fa660-fd50-4bd6-afe0-22e6e5ed30e1}</UniqueIdentifier>
    </Filter>
    <Filter Include="Source Files\ANR\Temp">
      <UniqueIdentifier>{717c9329-966b-47b5-ac6b-3ef19c5a3949}</UniqueIdentifier>
    </Filter>
    <Filter Include="Source Files\ANR\Core">
      <UniqueIdentifier>{33042fd9-02b8-45ee-9584-b7edc1f32b85}</UniqueIdentifier>
    </Filter>
    <Filter Include="Header Files\ANR\Core">
      <UniqueIdentifier>{60cf313b-91cf-41c3-a8bd-fee0c78fbb05}</UniqueIdentifier>
    </Filter>
  </ItemGroup>
  <ItemGroup>
    <ClInclude Include="..\SQLite\sqlite3.h">
      <Filter>Header Files\SQLite</Filter>
    </ClInclude>
    <ClInclude Include="Source\Core\Public\ANR.h">
      <Filter>Header Files\ANR\Core</Filter>
    </ClInclude>
    <ClInclude Include="Source\Test\TestCardSpriteComponent.h">
      <Filter>Header Files\ANR\Temp</Filter>
    </ClInclude>
    <ClInclude Include="Source\Test\TestCardActor.h">
      <Filter>Header Files\ANR\Temp</Filter>
    </ClInclude>
  </ItemGroup>
  <ItemGroup>
    <ClCompile Include="..\SQLite\sqlite3.c">
      <Filter>Source Files\SQLite</Filter>
    </ClCompile>
    <ClCompile Include="Source\Test\TestCardSpriteComponent.cpp">
      <Filter>Source Files\ANR\Temp</Filter>
    </ClCompile>
    <ClCompile Include="Source\Test\TestCardActor.cpp">
      <Filter>Source Files\ANR\Temp</Filter>
    </ClCompile>
  </ItemGroup>
  <ItemGroup>
    <None Include="..\NDB_Scraper\Intermediate\Scrapes\cards.ndb">
      <Filter>Resource Files\NDB Scrapes</Filter>
    </None>
    <None Include="..\NDB_Scraper\Intermediate\Scrapes\cycles.ndb">
      <Filter>Resource Files\NDB Scrapes</Filter>
    </None>
    <None Include="..\NDB_Scraper\Intermediate\Scrapes\mwl.ndb">
      <Filter>Resource Files\NDB Scrapes</Filter>
    </None>
    <None Include="..\NDB_Scraper\Intermediate\Scrapes\packs.ndb">
      <Filter>Resource Files\NDB Scrapes</Filter>
    </None>
    <None Include="..\NDB_Scraper\Intermediate\Scrapes\types.ndb">
      <Filter>Resource Files\NDB Scrapes</Filter>
    </None>
  </ItemGroup>
</Project>