<?xml version="1.0" encoding="utf-8"?>
<Project ToolsVersion="4.0" xmlns="http://schemas.microsoft.com/developer/msbuild/2003">
  <ItemGroup>
    <Filter Include="Source Files">
      <UniqueIdentifier>{4FC737F1-C7A5-4376-A066-2A32D752A2FF}</UniqueIdentifier>
      <Extensions>cpp;c;cc;cxx;def;odl;idl;hpj;bat;asm;asmx</Extensions>
    </Filter>
    <Filter Include="Header Files">
      <UniqueIdentifier>{93995380-89BD-4b04-88EB-625FBE52EBFB}</UniqueIdentifier>
      <Extensions>h;hh;hpp;hxx;hm;inl;inc;ipp;xsd</Extensions>
    </Filter>
    <Filter Include="Resource Files">
      <UniqueIdentifier>{67DA6AB6-F800-4c08-8B7A-83BB121AAD01}</UniqueIdentifier>
      <Extensions>rc;ico;cur;bmp;dlg;rc2;rct;bin;rgs;gif;jpg;jpeg;jpe;resx;tiff;tif;png;wav;mfcribbon-ms</Extensions>
    </Filter>
    <Filter Include="Header Files\SQLite">
      <UniqueIdentifier>{2c5087d5-73cc-4ff1-9d60-9b1c9ee14f33}</UniqueIdentifier>
    </Filter>
    <Filter Include="Source Files\SQLite">
      <UniqueIdentifier>{5e96e682-a2cc-43e5-af98-56ca55f0899a}</UniqueIdentifier>
    </Filter>
    <Filter Include="Resource Files\NDB Scrapes">
      <UniqueIdentifier>{ac54e794-eee9-4ef6-be95-d3a7c1c284e4}</UniqueIdentifier>
    </Filter>
  </ItemGroup>
  <ItemGroup>
    <ClInclude Include="..\SQLite\sqlite3.h">
      <Filter>Header Files\SQLite</Filter>
    </ClInclude>
  </ItemGroup>
  <ItemGroup>
    <ClCompile Include="..\SQLite\sqlite3.c">
      <Filter>Source Files\SQLite</Filter>
    </ClCompile>
  </ItemGroup>
  <ItemGroup>
    <None Include="..\NDB_Scraper\Intermediate\Scrapes\cards.ndb">
      <Filter>Resource Files\NDB Scrapes</Filter>
    </None>
    <None Include="..\NDB_Scraper\Intermediate\Scrapes\cycles.ndb">
      <Filter>Resource Files\NDB Scrapes</Filter>
    </None>
    <None Include="..\NDB_Scraper\Intermediate\Scrapes\mwl.ndb">
      <Filter>Resource Files\NDB Scrapes</Filter>
    </None>
    <None Include="..\NDB_Scraper\Intermediate\Scrapes\packs.ndb">
      <Filter>Resource Files\NDB Scrapes</Filter>
    </None>
    <None Include="..\NDB_Scraper\Intermediate\Scrapes\types.ndb">
      <Filter>Resource Files\NDB Scrapes</Filter>
    </None>
  </ItemGroup>
</Project>